github.com/simonski/goutils v0.0.0-20200923155821-bff629e97ae5 h1:r9W0l8OvZGVK/x5NJFac2vQXXnmgy/7UCc6XhExJgRs=
github.com/simonski/goutils v0.0.0-20200923155821-bff629e97ae5/go.mod h1:b/BH+DrE1JD0qAArrusUMYJYoZviI/NvpG8ellh7uuc=
github.com/simonski/goutils v0.0.0-20200923171808-c9de4623dc12 h1:REnhb9dBzkIERNOdeTnoCqObRagj0ttuLTrPaK8VUZc=
github.com/simonski/goutils v0.0.0-20200923171808-c9de4623dc12/go.mod h1:b/BH+DrE1JD0qAArrusUMYJYoZviI/NvpG8ellh7uuc=
