github.com/simonski/goutils v0.0.0-20200921124632-2885b04edb9c h1:mFPIAP3ErXbkv4DPlIzKY733x71cHrS487UqkHZh1qM=
github.com/simonski/goutils v0.0.0-20200921124632-2885b04edb9c/go.mod h1:b/BH+DrE1JD0qAArrusUMYJYoZviI/NvpG8ellh7uuc=
github.com/simonski/goutils v0.0.0-20200921130116-7b185beade17 h1:gl82oEE+DjTRewIYU2ryC1zADIqKfFqR3WcBGYngYOo=
github.com/simonski/goutils v0.0.0-20200921130116-7b185beade17/go.mod h1:b/BH+DrE1JD0qAArrusUMYJYoZviI/NvpG8ellh7uuc=
